// !$*UTF8*$!
{
	archiveVersion = 1;
	classes = {
	};
	objectVersion = 52;
	objects = {

/* Begin PBXBuildFile section */
		612156F7268EF105000924DC /* InstagramSwiftUIApp.swift in Sources */ = {isa = PBXBuildFile; fileRef = 612156F6268EF105000924DC /* InstagramSwiftUIApp.swift */; };
		612156FB268EF106000924DC /* Assets.xcassets in Resources */ = {isa = PBXBuildFile; fileRef = 612156FA268EF106000924DC /* Assets.xcassets */; };
		612156FE268EF106000924DC /* Preview Assets.xcassets in Resources */ = {isa = PBXBuildFile; fileRef = 612156FD268EF106000924DC /* Preview Assets.xcassets */; };
		6121570D268EF20A000924DC /* ContentView.swift in Sources */ = {isa = PBXBuildFile; fileRef = 6121570C268EF20A000924DC /* ContentView.swift */; };
		6121571F268EF3FD000924DC /* MainTabView.swift in Sources */ = {isa = PBXBuildFile; fileRef = 6121571E268EF3FD000924DC /* MainTabView.swift */; };
		61215723268EF464000924DC /* FeedView.swift in Sources */ = {isa = PBXBuildFile; fileRef = 61215722268EF464000924DC /* FeedView.swift */; };
		61215726268EF490000924DC /* SearchView.swift in Sources */ = {isa = PBXBuildFile; fileRef = 61215725268EF490000924DC /* SearchView.swift */; };
		61215729268EF4DE000924DC /* NotificationsView.swift in Sources */ = {isa = PBXBuildFile; fileRef = 61215728268EF4DE000924DC /* NotificationsView.swift */; };
		6121572C268EF875000924DC /* ProfileView.swift in Sources */ = {isa = PBXBuildFile; fileRef = 6121572B268EF875000924DC /* ProfileView.swift */; };
		6121572F268EF88A000924DC /* UploadPostView.swift in Sources */ = {isa = PBXBuildFile; fileRef = 6121572E268EF88A000924DC /* UploadPostView.swift */; };
		61215732268EFBCB000924DC /* FeedCell.swift in Sources */ = {isa = PBXBuildFile; fileRef = 61215731268EFBCB000924DC /* FeedCell.swift */; };
		6124891726AAD601002EF4E7 /* Notification.swift in Sources */ = {isa = PBXBuildFile; fileRef = 6124891626AAD601002EF4E7 /* Notification.swift */; };
		6124891A26AAD7DF002EF4E7 /* NotificationsViewModel.swift in Sources */ = {isa = PBXBuildFile; fileRef = 6124891926AAD7DF002EF4E7 /* NotificationsViewModel.swift */; };
		6124891D26AAE233002EF4E7 /* NotificationCellViewModel.swift in Sources */ = {isa = PBXBuildFile; fileRef = 6124891C26AAE233002EF4E7 /* NotificationCellViewModel.swift */; };
		614A407F26A76DBD00B3B0A6 /* User.swift in Sources */ = {isa = PBXBuildFile; fileRef = 614A407E26A76DBD00B3B0A6 /* User.swift */; };
		614A408426A76F7900B3B0A6 /* FirebaseFunctions in Frameworks */ = {isa = PBXBuildFile; productRef = 614A408326A76F7900B3B0A6 /* FirebaseFunctions */; };
		614A408626A76F7900B3B0A6 /* FirebaseFirestoreSwift-Beta in Frameworks */ = {isa = PBXBuildFile; productRef = 614A408526A76F7900B3B0A6 /* FirebaseFirestoreSwift-Beta */; };
		614A408826A76F7900B3B0A6 /* FirebaseStorage in Frameworks */ = {isa = PBXBuildFile; productRef = 614A408726A76F7900B3B0A6 /* FirebaseStorage */; };
		614A408A26A76F7900B3B0A6 /* FirebaseAuth in Frameworks */ = {isa = PBXBuildFile; productRef = 614A408926A76F7900B3B0A6 /* FirebaseAuth */; };
		614A408C26A76F7900B3B0A6 /* FirebaseFirestore in Frameworks */ = {isa = PBXBuildFile; productRef = 614A408B26A76F7900B3B0A6 /* FirebaseFirestore */; };
		614A408E26A76F7900B3B0A6 /* FirebaseMessaging in Frameworks */ = {isa = PBXBuildFile; productRef = 614A408D26A76F7900B3B0A6 /* FirebaseMessaging */; };
		614A409126A7718900B3B0A6 /* SearchViewModel.swift in Sources */ = {isa = PBXBuildFile; fileRef = 614A409026A7718900B3B0A6 /* SearchViewModel.swift */; };
		6160CD2426A8395100B4527B /* ProfileViewModel.swift in Sources */ = {isa = PBXBuildFile; fileRef = 6160CD2326A8395100B4527B /* ProfileViewModel.swift */; };
		6160CD2726A8405000B4527B /* UserService.swift in Sources */ = {isa = PBXBuildFile; fileRef = 6160CD2626A8405000B4527B /* UserService.swift */; };
		6160CD2A26A85F2F00B4527B /* UploadPostViewModel.swift in Sources */ = {isa = PBXBuildFile; fileRef = 6160CD2926A85F2F00B4527B /* UploadPostViewModel.swift */; };
		6160CD2D26A87CBB00B4527B /* TextArea.swift in Sources */ = {isa = PBXBuildFile; fileRef = 6160CD2C26A87CBB00B4527B /* TextArea.swift */; };
		616190C7269EF4B100289992 /* NotificationCell.swift in Sources */ = {isa = PBXBuildFile; fileRef = 616190C6269EF4B100289992 /* NotificationCell.swift */; };
		616190CA269EF6EF00289992 /* ProfileHeaderView.swift in Sources */ = {isa = PBXBuildFile; fileRef = 616190C9269EF6EF00289992 /* ProfileHeaderView.swift */; };
		616190CD269EFA4A00289992 /* UserStatView.swift in Sources */ = {isa = PBXBuildFile; fileRef = 616190CC269EFA4A00289992 /* UserStatView.swift */; };
		616190D1269EFB1900289992 /* ProfileActionButtonView.swift in Sources */ = {isa = PBXBuildFile; fileRef = 616190D0269EFB1900289992 /* ProfileActionButtonView.swift */; };
		616190D4269EFF4300289992 /* ImagePicker.swift in Sources */ = {isa = PBXBuildFile; fileRef = 616190D3269EFF4300289992 /* ImagePicker.swift */; };
		616190D7269F03D000289992 /* LoginView.swift in Sources */ = {isa = PBXBuildFile; fileRef = 616190D6269F03D000289992 /* LoginView.swift */; };
		616190DA269F03DF00289992 /* RegistrationView.swift in Sources */ = {isa = PBXBuildFile; fileRef = 616190D9269F03DF00289992 /* RegistrationView.swift */; };
		616190DD269F03EC00289992 /* ResetPasswordView.swift in Sources */ = {isa = PBXBuildFile; fileRef = 616190DC269F03EC00289992 /* ResetPasswordView.swift */; };
		616190E0269F061200289992 /* CustomSecureField.swift in Sources */ = {isa = PBXBuildFile; fileRef = 616190DF269F061200289992 /* CustomSecureField.swift */; };
		616190E3269F072F00289992 /* CustomTextField.swift in Sources */ = {isa = PBXBuildFile; fileRef = 616190E2269F072F00289992 /* CustomTextField.swift */; };
		6188855A269D8604009F46E5 /* SearchBar.swift in Sources */ = {isa = PBXBuildFile; fileRef = 61888559269D8604009F46E5 /* SearchBar.swift */; };
		6188855D269D8865009F46E5 /* PostGridView.swift in Sources */ = {isa = PBXBuildFile; fileRef = 6188855C269D8865009F46E5 /* PostGridView.swift */; };
		61888560269D8A87009F46E5 /* UserCell.swift in Sources */ = {isa = PBXBuildFile; fileRef = 6188855F269D8A87009F46E5 /* UserCell.swift */; };
		61888563269D8A91009F46E5 /* UserListView.swift in Sources */ = {isa = PBXBuildFile; fileRef = 61888562269D8A91009F46E5 /* UserListView.swift */; };
		61888566269D8E9E009F46E5 /* Extensions.swift in Sources */ = {isa = PBXBuildFile; fileRef = 61888565269D8E9E009F46E5 /* Extensions.swift */; };
		6189687426A6E5F800DA8A16 /* Kingfisher in Frameworks */ = {isa = PBXBuildFile; productRef = 6189687326A6E5F800DA8A16 /* Kingfisher */; };
		6189687726A6E6AB00DA8A16 /* GoogleService-Info.plist in Resources */ = {isa = PBXBuildFile; fileRef = 6189687626A6E6AB00DA8A16 /* GoogleService-Info.plist */; };
		6189687A26A6E89200DA8A16 /* AuthViewModel.swift in Sources */ = {isa = PBXBuildFile; fileRef = 6189687926A6E89200DA8A16 /* AuthViewModel.swift */; };
		6189687D26A6FCC100DA8A16 /* ImageUploader.swift in Sources */ = {isa = PBXBuildFile; fileRef = 6189687C26A6FCC000DA8A16 /* ImageUploader.swift */; };
		6189688026A72A9100DA8A16 /* Constants.swift in Sources */ = {isa = PBXBuildFile; fileRef = 6189687F26A72A9100DA8A16 /* Constants.swift */; };
		61E97B1926A9888100BF6E6E /* Post.swift in Sources */ = {isa = PBXBuildFile; fileRef = 61E97B1826A9888100BF6E6E /* Post.swift */; };
		61E97B1C26A9893200BF6E6E /* FeedViewModel.swift in Sources */ = {isa = PBXBuildFile; fileRef = 61E97B1B26A9893200BF6E6E /* FeedViewModel.swift */; };
		61E97B1F26A9909300BF6E6E /* PostGridViewModel.swift in Sources */ = {isa = PBXBuildFile; fileRef = 61E97B1E26A9909300BF6E6E /* PostGridViewModel.swift */; };
		61E97B2226A9966400BF6E6E /* FeedCellViewModel.swift in Sources */ = {isa = PBXBuildFile; fileRef = 61E97B2126A9966400BF6E6E /* FeedCellViewModel.swift */; };
		61E97B2526A9AC2F00BF6E6E /* Comment.swift in Sources */ = {isa = PBXBuildFile; fileRef = 61E97B2426A9AC2F00BF6E6E /* Comment.swift */; };
		61E97B2826A9AC3C00BF6E6E /* CommentsView.swift in Sources */ = {isa = PBXBuildFile; fileRef = 61E97B2726A9AC3C00BF6E6E /* CommentsView.swift */; };
		61E97B2B26A9AC4400BF6E6E /* CommentCell.swift in Sources */ = {isa = PBXBuildFile; fileRef = 61E97B2A26A9AC4400BF6E6E /* CommentCell.swift */; };
		61E97B2E26A9AC5200BF6E6E /* CommentsViewModel.swift in Sources */ = {isa = PBXBuildFile; fileRef = 61E97B2D26A9AC5200BF6E6E /* CommentsViewModel.swift */; };
		61E97B3226A9AE5400BF6E6E /* CustomInputView.swift in Sources */ = {isa = PBXBuildFile; fileRef = 61E97B3126A9AE5400BF6E6E /* CustomInputView.swift */; };
/* End PBXBuildFile section */

/* Begin PBXFileReference section */
		612156F3268EF105000924DC /* InstagramSwiftUI.app */ = {isa = PBXFileReference; explicitFileType = wrapper.application; includeInIndex = 0; path = InstagramSwiftUI.app; sourceTree = BUILT_PRODUCTS_DIR; };
		612156F6268EF105000924DC /* InstagramSwiftUIApp.swift */ = {isa = PBXFileReference; lastKnownFileType = sourcecode.swift; path = InstagramSwiftUIApp.swift; sourceTree = "<group>"; };
		612156FA268EF106000924DC /* Assets.xcassets */ = {isa = PBXFileReference; lastKnownFileType = folder.assetcatalog; path = Assets.xcassets; sourceTree = "<group>"; };
		612156FD268EF106000924DC /* Preview Assets.xcassets */ = {isa = PBXFileReference; lastKnownFileType = folder.assetcatalog; path = "Preview Assets.xcassets"; sourceTree = "<group>"; };
		612156FF268EF106000924DC /* Info.plist */ = {isa = PBXFileReference; lastKnownFileType = text.plist.xml; path = Info.plist; sourceTree = "<group>"; };
		6121570C268EF20A000924DC /* ContentView.swift */ = {isa = PBXFileReference; lastKnownFileType = sourcecode.swift; path = ContentView.swift; sourceTree = "<group>"; };
		6121571E268EF3FD000924DC /* MainTabView.swift */ = {isa = PBXFileReference; lastKnownFileType = sourcecode.swift; path = MainTabView.swift; sourceTree = "<group>"; };
		61215722268EF464000924DC /* FeedView.swift */ = {isa = PBXFileReference; lastKnownFileType = sourcecode.swift; path = FeedView.swift; sourceTree = "<group>"; };
		61215725268EF490000924DC /* SearchView.swift */ = {isa = PBXFileReference; lastKnownFileType = sourcecode.swift; path = SearchView.swift; sourceTree = "<group>"; };
		61215728268EF4DE000924DC /* NotificationsView.swift */ = {isa = PBXFileReference; lastKnownFileType = sourcecode.swift; path = NotificationsView.swift; sourceTree = "<group>"; };
		6121572B268EF875000924DC /* ProfileView.swift */ = {isa = PBXFileReference; lastKnownFileType = sourcecode.swift; path = ProfileView.swift; sourceTree = "<group>"; };
		6121572E268EF88A000924DC /* UploadPostView.swift */ = {isa = PBXFileReference; lastKnownFileType = sourcecode.swift; path = UploadPostView.swift; sourceTree = "<group>"; };
		61215731268EFBCB000924DC /* FeedCell.swift */ = {isa = PBXFileReference; lastKnownFileType = sourcecode.swift; path = FeedCell.swift; sourceTree = "<group>"; };
		6124891626AAD601002EF4E7 /* Notification.swift */ = {isa = PBXFileReference; lastKnownFileType = sourcecode.swift; path = Notification.swift; sourceTree = "<group>"; };
		6124891926AAD7DF002EF4E7 /* NotificationsViewModel.swift */ = {isa = PBXFileReference; lastKnownFileType = sourcecode.swift; path = NotificationsViewModel.swift; sourceTree = "<group>"; };
		6124891C26AAE233002EF4E7 /* NotificationCellViewModel.swift */ = {isa = PBXFileReference; lastKnownFileType = sourcecode.swift; path = NotificationCellViewModel.swift; sourceTree = "<group>"; };
		614A407E26A76DBD00B3B0A6 /* User.swift */ = {isa = PBXFileReference; lastKnownFileType = sourcecode.swift; path = User.swift; sourceTree = "<group>"; };
		614A409026A7718900B3B0A6 /* SearchViewModel.swift */ = {isa = PBXFileReference; lastKnownFileType = sourcecode.swift; path = SearchViewModel.swift; sourceTree = "<group>"; };
		6160CD2326A8395100B4527B /* ProfileViewModel.swift */ = {isa = PBXFileReference; lastKnownFileType = sourcecode.swift; path = ProfileViewModel.swift; sourceTree = "<group>"; };
		6160CD2626A8405000B4527B /* UserService.swift */ = {isa = PBXFileReference; lastKnownFileType = sourcecode.swift; path = UserService.swift; sourceTree = "<group>"; };
		6160CD2926A85F2F00B4527B /* UploadPostViewModel.swift */ = {isa = PBXFileReference; lastKnownFileType = sourcecode.swift; path = UploadPostViewModel.swift; sourceTree = "<group>"; };
		6160CD2C26A87CBB00B4527B /* TextArea.swift */ = {isa = PBXFileReference; lastKnownFileType = sourcecode.swift; path = TextArea.swift; sourceTree = "<group>"; };
		616190C6269EF4B100289992 /* NotificationCell.swift */ = {isa = PBXFileReference; lastKnownFileType = sourcecode.swift; path = NotificationCell.swift; sourceTree = "<group>"; };
		616190C9269EF6EF00289992 /* ProfileHeaderView.swift */ = {isa = PBXFileReference; lastKnownFileType = sourcecode.swift; path = ProfileHeaderView.swift; sourceTree = "<group>"; };
		616190CC269EFA4A00289992 /* UserStatView.swift */ = {isa = PBXFileReference; lastKnownFileType = sourcecode.swift; path = UserStatView.swift; sourceTree = "<group>"; };
		616190D0269EFB1900289992 /* ProfileActionButtonView.swift */ = {isa = PBXFileReference; lastKnownFileType = sourcecode.swift; path = ProfileActionButtonView.swift; sourceTree = "<group>"; };
		616190D3269EFF4300289992 /* ImagePicker.swift */ = {isa = PBXFileReference; lastKnownFileType = sourcecode.swift; path = ImagePicker.swift; sourceTree = "<group>"; };
		616190D6269F03D000289992 /* LoginView.swift */ = {isa = PBXFileReference; lastKnownFileType = sourcecode.swift; path = LoginView.swift; sourceTree = "<group>"; };
		616190D9269F03DF00289992 /* RegistrationView.swift */ = {isa = PBXFileReference; lastKnownFileType = sourcecode.swift; path = RegistrationView.swift; sourceTree = "<group>"; };
		616190DC269F03EC00289992 /* ResetPasswordView.swift */ = {isa = PBXFileReference; lastKnownFileType = sourcecode.swift; path = ResetPasswordView.swift; sourceTree = "<group>"; };
		616190DF269F061200289992 /* CustomSecureField.swift */ = {isa = PBXFileReference; lastKnownFileType = sourcecode.swift; path = CustomSecureField.swift; sourceTree = "<group>"; };
		616190E2269F072F00289992 /* CustomTextField.swift */ = {isa = PBXFileReference; lastKnownFileType = sourcecode.swift; path = CustomTextField.swift; sourceTree = "<group>"; };
		61888559269D8604009F46E5 /* SearchBar.swift */ = {isa = PBXFileReference; lastKnownFileType = sourcecode.swift; path = SearchBar.swift; sourceTree = "<group>"; };
		6188855C269D8865009F46E5 /* PostGridView.swift */ = {isa = PBXFileReference; lastKnownFileType = sourcecode.swift; path = PostGridView.swift; sourceTree = "<group>"; };
		6188855F269D8A87009F46E5 /* UserCell.swift */ = {isa = PBXFileReference; lastKnownFileType = sourcecode.swift; path = UserCell.swift; sourceTree = "<group>"; };
		61888562269D8A91009F46E5 /* UserListView.swift */ = {isa = PBXFileReference; lastKnownFileType = sourcecode.swift; path = UserListView.swift; sourceTree = "<group>"; };
		61888565269D8E9E009F46E5 /* Extensions.swift */ = {isa = PBXFileReference; lastKnownFileType = sourcecode.swift; path = Extensions.swift; sourceTree = "<group>"; };
		6189687626A6E6AB00DA8A16 /* GoogleService-Info.plist */ = {isa = PBXFileReference; lastKnownFileType = text.plist; path = "GoogleService-Info.plist"; sourceTree = SOURCE_ROOT; };
		6189687926A6E89200DA8A16 /* AuthViewModel.swift */ = {isa = PBXFileReference; lastKnownFileType = sourcecode.swift; path = AuthViewModel.swift; sourceTree = "<group>"; };
		6189687C26A6FCC000DA8A16 /* ImageUploader.swift */ = {isa = PBXFileReference; lastKnownFileType = sourcecode.swift; path = ImageUploader.swift; sourceTree = "<group>"; };
		6189687F26A72A9100DA8A16 /* Constants.swift */ = {isa = PBXFileReference; lastKnownFileType = sourcecode.swift; path = Constants.swift; sourceTree = "<group>"; };
		61E97B1826A9888100BF6E6E /* Post.swift */ = {isa = PBXFileReference; lastKnownFileType = sourcecode.swift; path = Post.swift; sourceTree = "<group>"; };
		61E97B1B26A9893200BF6E6E /* FeedViewModel.swift */ = {isa = PBXFileReference; lastKnownFileType = sourcecode.swift; path = FeedViewModel.swift; sourceTree = "<group>"; };
		61E97B1E26A9909300BF6E6E /* PostGridViewModel.swift */ = {isa = PBXFileReference; lastKnownFileType = sourcecode.swift; path = PostGridViewModel.swift; sourceTree = "<group>"; };
		61E97B2126A9966400BF6E6E /* FeedCellViewModel.swift */ = {isa = PBXFileReference; lastKnownFileType = sourcecode.swift; path = FeedCellViewModel.swift; sourceTree = "<group>"; };
		61E97B2426A9AC2F00BF6E6E /* Comment.swift */ = {isa = PBXFileReference; lastKnownFileType = sourcecode.swift; path = Comment.swift; sourceTree = "<group>"; };
		61E97B2726A9AC3C00BF6E6E /* CommentsView.swift */ = {isa = PBXFileReference; lastKnownFileType = sourcecode.swift; path = CommentsView.swift; sourceTree = "<group>"; };
		61E97B2A26A9AC4400BF6E6E /* CommentCell.swift */ = {isa = PBXFileReference; lastKnownFileType = sourcecode.swift; path = CommentCell.swift; sourceTree = "<group>"; };
		61E97B2D26A9AC5200BF6E6E /* CommentsViewModel.swift */ = {isa = PBXFileReference; lastKnownFileType = sourcecode.swift; path = CommentsViewModel.swift; sourceTree = "<group>"; };
		61E97B3126A9AE5400BF6E6E /* CustomInputView.swift */ = {isa = PBXFileReference; lastKnownFileType = sourcecode.swift; path = CustomInputView.swift; sourceTree = "<group>"; };
/* End PBXFileReference section */

/* Begin PBXFrameworksBuildPhase section */
		612156F0268EF105000924DC /* Frameworks */ = {
			isa = PBXFrameworksBuildPhase;
			buildActionMask = 2147483647;
			files = (
				614A408626A76F7900B3B0A6 /* FirebaseFirestoreSwift-Beta in Frameworks */,
				614A408A26A76F7900B3B0A6 /* FirebaseAuth in Frameworks */,
				614A408E26A76F7900B3B0A6 /* FirebaseMessaging in Frameworks */,
				614A408826A76F7900B3B0A6 /* FirebaseStorage in Frameworks */,
				6189687426A6E5F800DA8A16 /* Kingfisher in Frameworks */,
				614A408426A76F7900B3B0A6 /* FirebaseFunctions in Frameworks */,
				614A408C26A76F7900B3B0A6 /* FirebaseFirestore in Frameworks */,
			);
			runOnlyForDeploymentPostprocessing = 0;
		};
/* End PBXFrameworksBuildPhase section */

/* Begin PBXGroup section */
		612156EA268EF105000924DC = {
			isa = PBXGroup;
			children = (
				612156F5268EF105000924DC /* InstagramSwiftUI */,
				612156F4268EF105000924DC /* Products */,
			);
			sourceTree = "<group>";
		};
		612156F4268EF105000924DC /* Products */ = {
			isa = PBXGroup;
			children = (
				612156F3268EF105000924DC /* InstagramSwiftUI.app */,
			);
			name = Products;
			sourceTree = "<group>";
		};
		612156F5268EF105000924DC /* InstagramSwiftUI */ = {
			isa = PBXGroup;
			children = (
				6121570A268EF180000924DC /* Model */,
				61215709268EF17E000924DC /* View */,
				61215708268EF17C000924DC /* ViewModel */,
				61215707268EF179000924DC /* API */,
				61215706268EF175000924DC /* Utils */,
				612156F6268EF105000924DC /* InstagramSwiftUIApp.swift */,
				612156FA268EF106000924DC /* Assets.xcassets */,
				612156FF268EF106000924DC /* Info.plist */,
				6189687626A6E6AB00DA8A16 /* GoogleService-Info.plist */,
				612156FC268EF106000924DC /* Preview Content */,
			);
			path = InstagramSwiftUI;
			sourceTree = "<group>";
		};
		612156FC268EF106000924DC /* Preview Content */ = {
			isa = PBXGroup;
			children = (
				612156FD268EF106000924DC /* Preview Assets.xcassets */,
			);
			path = "Preview Content";
			sourceTree = "<group>";
		};
		61215706268EF175000924DC /* Utils */ = {
			isa = PBXGroup;
			children = (
				61888565269D8E9E009F46E5 /* Extensions.swift */,
				616190D3269EFF4300289992 /* ImagePicker.swift */,
				616190E2269F072F00289992 /* CustomTextField.swift */,
				616190DF269F061200289992 /* CustomSecureField.swift */,
				6189687F26A72A9100DA8A16 /* Constants.swift */,
				6160CD2C26A87CBB00B4527B /* TextArea.swift */,
			);
			path = Utils;
			sourceTree = "<group>";
		};
		61215707268EF179000924DC /* API */ = {
			isa = PBXGroup;
			children = (
				6189687C26A6FCC000DA8A16 /* ImageUploader.swift */,
				6160CD2626A8405000B4527B /* UserService.swift */,
			);
			path = API;
			sourceTree = "<group>";
		};
		61215708268EF17C000924DC /* ViewModel */ = {
			isa = PBXGroup;
			children = (
				6121571D268EF365000924DC /* Profile */,
				6121571C268EF352000924DC /* Authentication */,
				6121571B268EF34C000924DC /* Notifications */,
				6121571A268EF346000924DC /* Feed */,
				614A409026A7718900B3B0A6 /* SearchViewModel.swift */,
				6160CD2926A85F2F00B4527B /* UploadPostViewModel.swift */,
				61E97B1E26A9909300BF6E6E /* PostGridViewModel.swift */,
				61E97B2D26A9AC5200BF6E6E /* CommentsViewModel.swift */,
			);
			path = ViewModel;
			sourceTree = "<group>";
		};
		61215709268EF17E000924DC /* View */ = {
			isa = PBXGroup;
			children = (
				61215719268EF30F000924DC /* Items */,
				61215718268EF302000924DC /* Authentication */,
				61215717268EF2C4000924DC /* Notifications */,
				61215716268EF2BB000924DC /* Search */,
				61215715268EF2B0000924DC /* Comments */,
				61215714268EF2A5000924DC /* Feed */,
				61215713268EF2A0000924DC /* Profile */,
				61215712268EF297000924DC /* UploadPost */,
				6121570B268EF1E6000924DC /* Main */,
			);
			path = View;
			sourceTree = "<group>";
		};
		6121570A268EF180000924DC /* Model */ = {
			isa = PBXGroup;
			children = (
				614A407E26A76DBD00B3B0A6 /* User.swift */,
				61E97B1826A9888100BF6E6E /* Post.swift */,
				61E97B2426A9AC2F00BF6E6E /* Comment.swift */,
				6124891626AAD601002EF4E7 /* Notification.swift */,
			);
			path = Model;
			sourceTree = "<group>";
		};
		6121570B268EF1E6000924DC /* Main */ = {
			isa = PBXGroup;
			children = (
				6121570C268EF20A000924DC /* ContentView.swift */,
				6121571E268EF3FD000924DC /* MainTabView.swift */,
			);
			path = Main;
			sourceTree = "<group>";
		};
		61215712268EF297000924DC /* UploadPost */ = {
			isa = PBXGroup;
			children = (
				6121572E268EF88A000924DC /* UploadPostView.swift */,
			);
			path = UploadPost;
			sourceTree = "<group>";
		};
		61215713268EF2A0000924DC /* Profile */ = {
			isa = PBXGroup;
			children = (
				6121572B268EF875000924DC /* ProfileView.swift */,
				616190C9269EF6EF00289992 /* ProfileHeaderView.swift */,
				616190CC269EFA4A00289992 /* UserStatView.swift */,
				616190D0269EFB1900289992 /* ProfileActionButtonView.swift */,
			);
			path = Profile;
			sourceTree = "<group>";
		};
		61215714268EF2A5000924DC /* Feed */ = {
			isa = PBXGroup;
			children = (
				61215722268EF464000924DC /* FeedView.swift */,
				61215731268EFBCB000924DC /* FeedCell.swift */,
			);
			path = Feed;
			sourceTree = "<group>";
		};
		61215715268EF2B0000924DC /* Comments */ = {
			isa = PBXGroup;
			children = (
				61E97B2726A9AC3C00BF6E6E /* CommentsView.swift */,
				61E97B2A26A9AC4400BF6E6E /* CommentCell.swift */,
			);
			path = Comments;
			sourceTree = "<group>";
		};
		61215716268EF2BB000924DC /* Search */ = {
			isa = PBXGroup;
			children = (
				61215725268EF490000924DC /* SearchView.swift */,
				61888559269D8604009F46E5 /* SearchBar.swift */,
			);
			path = Search;
			sourceTree = "<group>";
		};
		61215717268EF2C4000924DC /* Notifications */ = {
			isa = PBXGroup;
			children = (
				61215728268EF4DE000924DC /* NotificationsView.swift */,
				616190C6269EF4B100289992 /* NotificationCell.swift */,
			);
			path = Notifications;
			sourceTree = "<group>";
		};
		61215718268EF302000924DC /* Authentication */ = {
			isa = PBXGroup;
			children = (
				616190D6269F03D000289992 /* LoginView.swift */,
				616190D9269F03DF00289992 /* RegistrationView.swift */,
				616190DC269F03EC00289992 /* ResetPasswordView.swift */,
			);
			path = Authentication;
			sourceTree = "<group>";
		};
		61215719268EF30F000924DC /* Items */ = {
			isa = PBXGroup;
			children = (
				6188855C269D8865009F46E5 /* PostGridView.swift */,
				6188855F269D8A87009F46E5 /* UserCell.swift */,
				61888562269D8A91009F46E5 /* UserListView.swift */,
				61E97B3126A9AE5400BF6E6E /* CustomInputView.swift */,
			);
			path = Items;
			sourceTree = "<group>";
		};
		6121571A268EF346000924DC /* Feed */ = {
			isa = PBXGroup;
			children = (
				61E97B1B26A9893200BF6E6E /* FeedViewModel.swift */,
				61E97B2126A9966400BF6E6E /* FeedCellViewModel.swift */,
			);
			path = Feed;
			sourceTree = "<group>";
		};
		6121571B268EF34C000924DC /* Notifications */ = {
			isa = PBXGroup;
			children = (
				6124891926AAD7DF002EF4E7 /* NotificationsViewModel.swift */,
				6124891C26AAE233002EF4E7 /* NotificationCellViewModel.swift */,
			);
			path = Notifications;
			sourceTree = "<group>";
		};
		6121571C268EF352000924DC /* Authentication */ = {
			isa = PBXGroup;
			children = (
				6189687926A6E89200DA8A16 /* AuthViewModel.swift */,
			);
			path = Authentication;
			sourceTree = "<group>";
		};
		6121571D268EF365000924DC /* Profile */ = {
			isa = PBXGroup;
			children = (
				6160CD2326A8395100B4527B /* ProfileViewModel.swift */,
			);
			path = Profile;
			sourceTree = "<group>";
		};
/* End PBXGroup section */

/* Begin PBXNativeTarget section */
		612156F2268EF105000924DC /* InstagramSwiftUI */ = {
			isa = PBXNativeTarget;
			buildConfigurationList = 61215702268EF106000924DC /* Build configuration list for PBXNativeTarget "InstagramSwiftUI" */;
			buildPhases = (
				612156EF268EF105000924DC /* Sources */,
				612156F0268EF105000924DC /* Frameworks */,
				612156F1268EF105000924DC /* Resources */,
			);
			buildRules = (
			);
			dependencies = (
			);
			name = InstagramSwiftUI;
			packageProductDependencies = (
				6189687326A6E5F800DA8A16 /* Kingfisher */,
				614A408326A76F7900B3B0A6 /* FirebaseFunctions */,
				614A408526A76F7900B3B0A6 /* FirebaseFirestoreSwift-Beta */,
				614A408726A76F7900B3B0A6 /* FirebaseStorage */,
				614A408926A76F7900B3B0A6 /* FirebaseAuth */,
				614A408B26A76F7900B3B0A6 /* FirebaseFirestore */,
				614A408D26A76F7900B3B0A6 /* FirebaseMessaging */,
			);
			productName = InstagramSwiftUI;
			productReference = 612156F3268EF105000924DC /* InstagramSwiftUI.app */;
			productType = "com.apple.product-type.application";
		};
/* End PBXNativeTarget section */

/* Begin PBXProject section */
		612156EB268EF105000924DC /* Project object */ = {
			isa = PBXProject;
			attributes = {
				LastSwiftUpdateCheck = 1230;
				LastUpgradeCheck = 1230;
				TargetAttributes = {
					612156F2268EF105000924DC = {
						CreatedOnToolsVersion = 12.3;
					};
				};
			};
			buildConfigurationList = 612156EE268EF105000924DC /* Build configuration list for PBXProject "InstagramSwiftUI" */;
			compatibilityVersion = "Xcode 9.3";
			developmentRegion = en;
			hasScannedForEncodings = 0;
			knownRegions = (
				en,
				Base,
			);
			mainGroup = 612156EA268EF105000924DC;
			packageReferences = (
				6189687226A6E5F800DA8A16 /* XCRemoteSwiftPackageReference "Kingfisher" */,
				614A408226A76F7900B3B0A6 /* XCRemoteSwiftPackageReference "firebase-ios-sdk" */,
			);
			productRefGroup = 612156F4268EF105000924DC /* Products */;
			projectDirPath = "";
			projectRoot = "";
			targets = (
				612156F2268EF105000924DC /* InstagramSwiftUI */,
			);
		};
/* End PBXProject section */

/* Begin PBXResourcesBuildPhase section */
		612156F1268EF105000924DC /* Resources */ = {
			isa = PBXResourcesBuildPhase;
			buildActionMask = 2147483647;
			files = (
				612156FE268EF106000924DC /* Preview Assets.xcassets in Resources */,
				612156FB268EF106000924DC /* Assets.xcassets in Resources */,
				6189687726A6E6AB00DA8A16 /* GoogleService-Info.plist in Resources */,
			);
			runOnlyForDeploymentPostprocessing = 0;
		};
/* End PBXResourcesBuildPhase section */

/* Begin PBXSourcesBuildPhase section */
		612156EF268EF105000924DC /* Sources */ = {
			isa = PBXSourcesBuildPhase;
			buildActionMask = 2147483647;
			files = (
				61E97B1C26A9893200BF6E6E /* FeedViewModel.swift in Sources */,
				616190CD269EFA4A00289992 /* UserStatView.swift in Sources */,
				61215726268EF490000924DC /* SearchView.swift in Sources */,
				61215723268EF464000924DC /* FeedView.swift in Sources */,
				616190DA269F03DF00289992 /* RegistrationView.swift in Sources */,
				6124891A26AAD7DF002EF4E7 /* NotificationsViewModel.swift in Sources */,
				61E97B2E26A9AC5200BF6E6E /* CommentsViewModel.swift in Sources */,
				6188855D269D8865009F46E5 /* PostGridView.swift in Sources */,
				6189687D26A6FCC100DA8A16 /* ImageUploader.swift in Sources */,
				612156F7268EF105000924DC /* InstagramSwiftUIApp.swift in Sources */,
				6121570D268EF20A000924DC /* ContentView.swift in Sources */,
				616190DD269F03EC00289992 /* ResetPasswordView.swift in Sources */,
				61E97B1F26A9909300BF6E6E /* PostGridViewModel.swift in Sources */,
				6121571F268EF3FD000924DC /* MainTabView.swift in Sources */,
				616190D4269EFF4300289992 /* ImagePicker.swift in Sources */,
				6160CD2A26A85F2F00B4527B /* UploadPostViewModel.swift in Sources */,
				6121572F268EF88A000924DC /* UploadPostView.swift in Sources */,
				6160CD2D26A87CBB00B4527B /* TextArea.swift in Sources */,
				616190CA269EF6EF00289992 /* ProfileHeaderView.swift in Sources */,
				6160CD2726A8405000B4527B /* UserService.swift in Sources */,
				61E97B2B26A9AC4400BF6E6E /* CommentCell.swift in Sources */,
				61E97B3226A9AE5400BF6E6E /* CustomInputView.swift in Sources */,
				6121572C268EF875000924DC /* ProfileView.swift in Sources */,
				61888560269D8A87009F46E5 /* UserCell.swift in Sources */,
				6188855A269D8604009F46E5 /* SearchBar.swift in Sources */,
				61215729268EF4DE000924DC /* NotificationsView.swift in Sources */,
				61215732268EFBCB000924DC /* FeedCell.swift in Sources */,
				61E97B2826A9AC3C00BF6E6E /* CommentsView.swift in Sources */,
				61E97B2226A9966400BF6E6E /* FeedCellViewModel.swift in Sources */,
				61E97B1926A9888100BF6E6E /* Post.swift in Sources */,
				614A409126A7718900B3B0A6 /* SearchViewModel.swift in Sources */,
				616190D1269EFB1900289992 /* ProfileActionButtonView.swift in Sources */,
				61888563269D8A91009F46E5 /* UserListView.swift in Sources */,
				614A407F26A76DBD00B3B0A6 /* User.swift in Sources */,
				616190E0269F061200289992 /* CustomSecureField.swift in Sources */,
				6189687A26A6E89200DA8A16 /* AuthViewModel.swift in Sources */,
				6160CD2426A8395100B4527B /* ProfileViewModel.swift in Sources */,
				616190E3269F072F00289992 /* CustomTextField.swift in Sources */,
				616190C7269EF4B100289992 /* NotificationCell.swift in Sources */,
				616190D7269F03D000289992 /* LoginView.swift in Sources */,
				6124891726AAD601002EF4E7 /* Notification.swift in Sources */,
				6124891D26AAE233002EF4E7 /* NotificationCellViewModel.swift in Sources */,
				61E97B2526A9AC2F00BF6E6E /* Comment.swift in Sources */,
				61888566269D8E9E009F46E5 /* Extensions.swift in Sources */,
				6189688026A72A9100DA8A16 /* Constants.swift in Sources */,
			);
			runOnlyForDeploymentPostprocessing = 0;
		};
/* End PBXSourcesBuildPhase section */

/* Begin XCBuildConfiguration section */
		61215700268EF106000924DC /* Debug */ = {
			isa = XCBuildConfiguration;
			buildSettings = {
				ALWAYS_SEARCH_USER_PATHS = NO;
				CLANG_ANALYZER_NONNULL = YES;
				CLANG_ANALYZER_NUMBER_OBJECT_CONVERSION = YES_AGGRESSIVE;
				CLANG_CXX_LANGUAGE_STANDARD = "gnu++14";
				CLANG_CXX_LIBRARY = "libc++";
				CLANG_ENABLE_MODULES = YES;
				CLANG_ENABLE_OBJC_ARC = YES;
				CLANG_ENABLE_OBJC_WEAK = YES;
				CLANG_WARN_BLOCK_CAPTURE_AUTORELEASING = YES;
				CLANG_WARN_BOOL_CONVERSION = YES;
				CLANG_WARN_COMMA = YES;
				CLANG_WARN_CONSTANT_CONVERSION = YES;
				CLANG_WARN_DEPRECATED_OBJC_IMPLEMENTATIONS = YES;
				CLANG_WARN_DIRECT_OBJC_ISA_USAGE = YES_ERROR;
				CLANG_WARN_DOCUMENTATION_COMMENTS = YES;
				CLANG_WARN_EMPTY_BODY = YES;
				CLANG_WARN_ENUM_CONVERSION = YES;
				CLANG_WARN_INFINITE_RECURSION = YES;
				CLANG_WARN_INT_CONVERSION = YES;
				CLANG_WARN_NON_LITERAL_NULL_CONVERSION = YES;
				CLANG_WARN_OBJC_IMPLICIT_RETAIN_SELF = YES;
				CLANG_WARN_OBJC_LITERAL_CONVERSION = YES;
				CLANG_WARN_OBJC_ROOT_CLASS = YES_ERROR;
				CLANG_WARN_QUOTED_INCLUDE_IN_FRAMEWORK_HEADER = YES;
				CLANG_WARN_RANGE_LOOP_ANALYSIS = YES;
				CLANG_WARN_STRICT_PROTOTYPES = YES;
				CLANG_WARN_SUSPICIOUS_MOVE = YES;
				CLANG_WARN_UNGUARDED_AVAILABILITY = YES_AGGRESSIVE;
				CLANG_WARN_UNREACHABLE_CODE = YES;
				CLANG_WARN__DUPLICATE_METHOD_MATCH = YES;
				COPY_PHASE_STRIP = NO;
				DEBUG_INFORMATION_FORMAT = dwarf;
				ENABLE_STRICT_OBJC_MSGSEND = YES;
				ENABLE_TESTABILITY = YES;
				GCC_C_LANGUAGE_STANDARD = gnu11;
				GCC_DYNAMIC_NO_PIC = NO;
				GCC_NO_COMMON_BLOCKS = YES;
				GCC_OPTIMIZATION_LEVEL = 0;
				GCC_PREPROCESSOR_DEFINITIONS = (
					"DEBUG=1",
					"$(inherited)",
				);
				GCC_WARN_64_TO_32_BIT_CONVERSION = YES;
				GCC_WARN_ABOUT_RETURN_TYPE = YES_ERROR;
				GCC_WARN_UNDECLARED_SELECTOR = YES;
				GCC_WARN_UNINITIALIZED_AUTOS = YES_AGGRESSIVE;
				GCC_WARN_UNUSED_FUNCTION = YES;
				GCC_WARN_UNUSED_VARIABLE = YES;
				IPHONEOS_DEPLOYMENT_TARGET = 14.3;
				MTL_ENABLE_DEBUG_INFO = INCLUDE_SOURCE;
				MTL_FAST_MATH = YES;
				ONLY_ACTIVE_ARCH = YES;
				SDKROOT = iphoneos;
				SWIFT_ACTIVE_COMPILATION_CONDITIONS = DEBUG;
				SWIFT_OPTIMIZATION_LEVEL = "-Onone";
			};
			name = Debug;
		};
		61215701268EF106000924DC /* Release */ = {
			isa = XCBuildConfiguration;
			buildSettings = {
				ALWAYS_SEARCH_USER_PATHS = NO;
				CLANG_ANALYZER_NONNULL = YES;
				CLANG_ANALYZER_NUMBER_OBJECT_CONVERSION = YES_AGGRESSIVE;
				CLANG_CXX_LANGUAGE_STANDARD = "gnu++14";
				CLANG_CXX_LIBRARY = "libc++";
				CLANG_ENABLE_MODULES = YES;
				CLANG_ENABLE_OBJC_ARC = YES;
				CLANG_ENABLE_OBJC_WEAK = YES;
				CLANG_WARN_BLOCK_CAPTURE_AUTORELEASING = YES;
				CLANG_WARN_BOOL_CONVERSION = YES;
				CLANG_WARN_COMMA = YES;
				CLANG_WARN_CONSTANT_CONVERSION = YES;
				CLANG_WARN_DEPRECATED_OBJC_IMPLEMENTATIONS = YES;
				CLANG_WARN_DIRECT_OBJC_ISA_USAGE = YES_ERROR;
				CLANG_WARN_DOCUMENTATION_COMMENTS = YES;
				CLANG_WARN_EMPTY_BODY = YES;
				CLANG_WARN_ENUM_CONVERSION = YES;
				CLANG_WARN_INFINITE_RECURSION = YES;
				CLANG_WARN_INT_CONVERSION = YES;
				CLANG_WARN_NON_LITERAL_NULL_CONVERSION = YES;
				CLANG_WARN_OBJC_IMPLICIT_RETAIN_SELF = YES;
				CLANG_WARN_OBJC_LITERAL_CONVERSION = YES;
				CLANG_WARN_OBJC_ROOT_CLASS = YES_ERROR;
				CLANG_WARN_QUOTED_INCLUDE_IN_FRAMEWORK_HEADER = YES;
				CLANG_WARN_RANGE_LOOP_ANALYSIS = YES;
				CLANG_WARN_STRICT_PROTOTYPES = YES;
				CLANG_WARN_SUSPICIOUS_MOVE = YES;
				CLANG_WARN_UNGUARDED_AVAILABILITY = YES_AGGRESSIVE;
				CLANG_WARN_UNREACHABLE_CODE = YES;
				CLANG_WARN__DUPLICATE_METHOD_MATCH = YES;
				COPY_PHASE_STRIP = NO;
				DEBUG_INFORMATION_FORMAT = "dwarf-with-dsym";
				ENABLE_NS_ASSERTIONS = NO;
				ENABLE_STRICT_OBJC_MSGSEND = YES;
				GCC_C_LANGUAGE_STANDARD = gnu11;
				GCC_NO_COMMON_BLOCKS = YES;
				GCC_WARN_64_TO_32_BIT_CONVERSION = YES;
				GCC_WARN_ABOUT_RETURN_TYPE = YES_ERROR;
				GCC_WARN_UNDECLARED_SELECTOR = YES;
				GCC_WARN_UNINITIALIZED_AUTOS = YES_AGGRESSIVE;
				GCC_WARN_UNUSED_FUNCTION = YES;
				GCC_WARN_UNUSED_VARIABLE = YES;
				IPHONEOS_DEPLOYMENT_TARGET = 14.3;
				MTL_ENABLE_DEBUG_INFO = NO;
				MTL_FAST_MATH = YES;
				SDKROOT = iphoneos;
				SWIFT_COMPILATION_MODE = wholemodule;
				SWIFT_OPTIMIZATION_LEVEL = "-O";
				VALIDATE_PRODUCT = YES;
			};
			name = Release;
		};
		61215703268EF106000924DC /* Debug */ = {
			isa = XCBuildConfiguration;
			buildSettings = {
				ASSETCATALOG_COMPILER_APPICON_NAME = AppIcon;
				ASSETCATALOG_COMPILER_GLOBAL_ACCENT_COLOR_NAME = AccentColor;
				CODE_SIGN_STYLE = Automatic;
				DEVELOPMENT_ASSET_PATHS = "\"InstagramSwiftUI/Preview Content\"";
				DEVELOPMENT_TEAM = XU95X2S4X8;
				ENABLE_PREVIEWS = YES;
				INFOPLIST_FILE = InstagramSwiftUI/Info.plist;
				IPHONEOS_DEPLOYMENT_TARGET = 14.0;
				LD_RUNPATH_SEARCH_PATHS = (
					"$(inherited)",
					"@executable_path/Frameworks",
				);
				PRODUCT_BUNDLE_IDENTIFIER = com.gustasbrazaitis.InstagramSwiftUI;
				PRODUCT_NAME = "$(TARGET_NAME)";
				SWIFT_VERSION = 5.0;
				TARGETED_DEVICE_FAMILY = "1,2";
			};
			name = Debug;
		};
		61215704268EF106000924DC /* Release */ = {
			isa = XCBuildConfiguration;
			buildSettings = {
				ASSETCATALOG_COMPILER_APPICON_NAME = AppIcon;
				ASSETCATALOG_COMPILER_GLOBAL_ACCENT_COLOR_NAME = AccentColor;
				CODE_SIGN_STYLE = Automatic;
				DEVELOPMENT_ASSET_PATHS = "\"InstagramSwiftUI/Preview Content\"";
				DEVELOPMENT_TEAM = XU95X2S4X8;
				ENABLE_PREVIEWS = YES;
				INFOPLIST_FILE = InstagramSwiftUI/Info.plist;
				IPHONEOS_DEPLOYMENT_TARGET = 14.0;
				LD_RUNPATH_SEARCH_PATHS = (
					"$(inherited)",
					"@executable_path/Frameworks",
				);
				PRODUCT_BUNDLE_IDENTIFIER = com.gustasbrazaitis.InstagramSwiftUI;
				PRODUCT_NAME = "$(TARGET_NAME)";
				SWIFT_VERSION = 5.0;
				TARGETED_DEVICE_FAMILY = "1,2";
			};
			name = Release;
		};
/* End XCBuildConfiguration section */

/* Begin XCConfigurationList section */
		612156EE268EF105000924DC /* Build configuration list for PBXProject "InstagramSwiftUI" */ = {
			isa = XCConfigurationList;
			buildConfigurations = (
				61215700268EF106000924DC /* Debug */,
				61215701268EF106000924DC /* Release */,
			);
			defaultConfigurationIsVisible = 0;
			defaultConfigurationName = Release;
		};
		61215702268EF106000924DC /* Build configuration list for PBXNativeTarget "InstagramSwiftUI" */ = {
			isa = XCConfigurationList;
			buildConfigurations = (
				61215703268EF106000924DC /* Debug */,
				61215704268EF106000924DC /* Release */,
			);
			defaultConfigurationIsVisible = 0;
			defaultConfigurationName = Release;
		};
/* End XCConfigurationList section */

/* Begin XCRemoteSwiftPackageReference section */
		614A408226A76F7900B3B0A6 /* XCRemoteSwiftPackageReference "firebase-ios-sdk" */ = {
			isa = XCRemoteSwiftPackageReference;
			repositoryURL = "https://github.com/firebase/firebase-ios-sdk.git";
			requirement = {
				kind = upToNextMajorVersion;
				minimumVersion = 8.3.1;
			};
		};
		6189687226A6E5F800DA8A16 /* XCRemoteSwiftPackageReference "Kingfisher" */ = {
			isa = XCRemoteSwiftPackageReference;
			repositoryURL = "https://github.com/onevcat/Kingfisher.git";
			requirement = {
				kind = upToNextMajorVersion;
				minimumVersion = 6.3.0;
			};
		};
/* End XCRemoteSwiftPackageReference section */

/* Begin XCSwiftPackageProductDependency section */
		614A408326A76F7900B3B0A6 /* FirebaseFunctions */ = {
			isa = XCSwiftPackageProductDependency;
			package = 614A408226A76F7900B3B0A6 /* XCRemoteSwiftPackageReference "firebase-ios-sdk" */;
			productName = FirebaseFunctions;
		};
		614A408526A76F7900B3B0A6 /* FirebaseFirestoreSwift-Beta */ = {
			isa = XCSwiftPackageProductDependency;
			package = 614A408226A76F7900B3B0A6 /* XCRemoteSwiftPackageReference "firebase-ios-sdk" */;
			productName = "FirebaseFirestoreSwift-Beta";
		};
		614A408726A76F7900B3B0A6 /* FirebaseStorage */ = {
			isa = XCSwiftPackageProductDependency;
			package = 614A408226A76F7900B3B0A6 /* XCRemoteSwiftPackageReference "firebase-ios-sdk" */;
			productName = FirebaseStorage;
		};
		614A408926A76F7900B3B0A6 /* FirebaseAuth */ = {
			isa = XCSwiftPackageProductDependency;
			package = 614A408226A76F7900B3B0A6 /* XCRemoteSwiftPackageReference "firebase-ios-sdk" */;
			productName = FirebaseAuth;
		};
		614A408B26A76F7900B3B0A6 /* FirebaseFirestore */ = {
			isa = XCSwiftPackageProductDependency;
			package = 614A408226A76F7900B3B0A6 /* XCRemoteSwiftPackageReference "firebase-ios-sdk" */;
			productName = FirebaseFirestore;
		};
		614A408D26A76F7900B3B0A6 /* FirebaseMessaging */ = {
			isa = XCSwiftPackageProductDependency;
			package = 614A408226A76F7900B3B0A6 /* XCRemoteSwiftPackageReference "firebase-ios-sdk" */;
			productName = FirebaseMessaging;
		};
		6189687326A6E5F800DA8A16 /* Kingfisher */ = {
			isa = XCSwiftPackageProductDependency;
			package = 6189687226A6E5F800DA8A16 /* XCRemoteSwiftPackageReference "Kingfisher" */;
			productName = Kingfisher;
		};
/* End XCSwiftPackageProductDependency section */
	};
	rootObject = 612156EB268EF105000924DC /* Project object */;
}
